
Microsoft Visual Studio Solution File, Format Version 12.00
# Visual Studio Version 16
VisualStudioVersion = 16.0.31729.503
MinimumVisualStudioVersion = 10.0.40219.1
Project("{FAE04EC0-301F-11D3-BF4B-00C04F79EFBC}") = "pract10_2", "pract10_2\pract10_2.csproj", "{444BC5AB-4E67-49AA-A90E-7DDA5E0B50F9}"
EndProject
Global
	GlobalSection(SolutionConfigurationPlatforms) = preSolution
		Debug|Any CPU = Debug|Any CPU
		Release|Any CPU = Release|Any CPU
	EndGlobalSection
	GlobalSection(ProjectConfigurationPlatforms) = postSolution
		{444BC5AB-4E67-49AA-A90E-7DDA5E0B50F9}.Debug|Any CPU.ActiveCfg = Debug|Any CPU
		{444BC5AB-4E67-49AA-A90E-7DDA5E0B50F9}.Debug|Any CPU.Build.0 = Debug|Any CPU
		{444BC5AB-4E67-49AA-A90E-7DDA5E0B50F9}.Release|Any CPU.ActiveCfg = Release|Any CPU
		{444BC5AB-4E67-49AA-A90E-7DDA5E0B50F9}.Release|Any CPU.Build.0 = Release|Any CPU
	EndGlobalSection
	GlobalSection(SolutionProperties) = preSolution
		HideSolutionNode = FALSE
	EndGlobalSection
	GlobalSection(ExtensibilityGlobals) = postSolution
		SolutionGuid = {360EBB6A-8C89-4079-A588-0F122B6D7907}
	EndGlobalSection
EndGlobal
